
Microsoft Visual Studio Solution File, Format Version 12.00
# Visual Studio Version 17
VisualStudioVersion = 17.10.34607.79
MinimumVisualStudioVersion = 10.0.40219.1
Project("{FAE04EC0-301F-11D3-BF4B-00C04F79EFBC}") = "WebApi", "WebApi\WebApi.csproj", "{91B4474D-34F5-4DC9-BD64-ED09DB5A8646}"
EndProject
Project("{2150E333-8FDC-42A3-9474-1A3956D46DE8}") = "TestApp", "TestApp", "{27D9ADBD-AEA1-4B4F-AA85-24084D2E3CAF}"
EndProject
Project("{FAE04EC0-301F-11D3-BF4B-00C04F79EFBC}") = "TextToSpeechTestApp", "TextToSpeechTestApp\TextToSpeechTestApp.csproj", "{4AED2991-753B-4896-BC6E-7C7308C10423}"
EndProject
Project("{2150E333-8FDC-42A3-9474-1A3956D46DE8}") = "Helpers", "Helpers", "{D9B9F932-5987-497B-AAD6-C0A9A7D4EE2E}"
EndProject
Project("{FAE04EC0-301F-11D3-BF4B-00C04F79EFBC}") = "RequestHelper", "RequestHelper\RequestHelper.csproj", "{B59B8C28-5C43-45BC-8C03-6E761CF8A66D}"
EndProject
Project("{2150E333-8FDC-42A3-9474-1A3956D46DE8}") = "Types", "Types", "{2EF02BB9-D1A3-4551-8F2A-825902366A41}"
EndProject
Project("{FAE04EC0-301F-11D3-BF4B-00C04F79EFBC}") = "BaseTypes", "BaseTypes\BaseTypes.csproj", "{12885C10-B814-4E56-B112-D4E9257615D3}"
EndProject
Project("{FAE04EC0-301F-11D3-BF4B-00C04F79EFBC}") = "ThirdPartyTypes", "ThirdPartyTypes\ThirdPartyTypes.csproj", "{5721B116-981C-47EB-ABBA-9F291300908E}"
EndProject
Project("{2150E333-8FDC-42A3-9474-1A3956D46DE8}") = "Api", "Api", "{2926C037-8989-4141-B543-EF1E651267FF}"
EndProject
Project("{FAE04EC0-301F-11D3-BF4B-00C04F79EFBC}") = "Api.Interfaces", "Api.Interfaces\Api.Interfaces.csproj", "{8F8FD699-6EFB-4D37-A413-8A80481448DA}"
EndProject
Project("{FAE04EC0-301F-11D3-BF4B-00C04F79EFBC}") = "Api.Repositories", "Api.Repositories\Api.Repositories.csproj", "{E30D77B6-6501-4BA3-8B17-0A1BD2EC68C3}"
EndProject
Project("{FAE04EC0-301F-11D3-BF4B-00C04F79EFBC}") = "Contracts", "Contracts\Contracts.csproj", "{4046095E-28AF-4E49-A770-69F22197EEBF}"
EndProject
Global
	GlobalSection(SolutionConfigurationPlatforms) = preSolution
		Debug|Any CPU = Debug|Any CPU
		Release|Any CPU = Release|Any CPU
	EndGlobalSection
	GlobalSection(ProjectConfigurationPlatforms) = postSolution
		{91B4474D-34F5-4DC9-BD64-ED09DB5A8646}.Debug|Any CPU.ActiveCfg = Debug|Any CPU
		{91B4474D-34F5-4DC9-BD64-ED09DB5A8646}.Debug|Any CPU.Build.0 = Debug|Any CPU
		{91B4474D-34F5-4DC9-BD64-ED09DB5A8646}.Release|Any CPU.ActiveCfg = Release|Any CPU
		{91B4474D-34F5-4DC9-BD64-ED09DB5A8646}.Release|Any CPU.Build.0 = Release|Any CPU
		{4AED2991-753B-4896-BC6E-7C7308C10423}.Debug|Any CPU.ActiveCfg = Debug|Any CPU
		{4AED2991-753B-4896-BC6E-7C7308C10423}.Debug|Any CPU.Build.0 = Debug|Any CPU
		{4AED2991-753B-4896-BC6E-7C7308C10423}.Release|Any CPU.ActiveCfg = Release|Any CPU
		{4AED2991-753B-4896-BC6E-7C7308C10423}.Release|Any CPU.Build.0 = Release|Any CPU
		{B59B8C28-5C43-45BC-8C03-6E761CF8A66D}.Debug|Any CPU.ActiveCfg = Debug|Any CPU
		{B59B8C28-5C43-45BC-8C03-6E761CF8A66D}.Debug|Any CPU.Build.0 = Debug|Any CPU
		{B59B8C28-5C43-45BC-8C03-6E761CF8A66D}.Release|Any CPU.ActiveCfg = Release|Any CPU
		{B59B8C28-5C43-45BC-8C03-6E761CF8A66D}.Release|Any CPU.Build.0 = Release|Any CPU
		{12885C10-B814-4E56-B112-D4E9257615D3}.Debug|Any CPU.ActiveCfg = Debug|Any CPU
		{12885C10-B814-4E56-B112-D4E9257615D3}.Debug|Any CPU.Build.0 = Debug|Any CPU
		{12885C10-B814-4E56-B112-D4E9257615D3}.Release|Any CPU.ActiveCfg = Release|Any CPU
		{12885C10-B814-4E56-B112-D4E9257615D3}.Release|Any CPU.Build.0 = Release|Any CPU
		{5721B116-981C-47EB-ABBA-9F291300908E}.Debug|Any CPU.ActiveCfg = Debug|Any CPU
		{5721B116-981C-47EB-ABBA-9F291300908E}.Debug|Any CPU.Build.0 = Debug|Any CPU
		{5721B116-981C-47EB-ABBA-9F291300908E}.Release|Any CPU.ActiveCfg = Release|Any CPU
		{5721B116-981C-47EB-ABBA-9F291300908E}.Release|Any CPU.Build.0 = Release|Any CPU
		{8F8FD699-6EFB-4D37-A413-8A80481448DA}.Debug|Any CPU.ActiveCfg = Debug|Any CPU
		{8F8FD699-6EFB-4D37-A413-8A80481448DA}.Debug|Any CPU.Build.0 = Debug|Any CPU
		{8F8FD699-6EFB-4D37-A413-8A80481448DA}.Release|Any CPU.ActiveCfg = Release|Any CPU
		{8F8FD699-6EFB-4D37-A413-8A80481448DA}.Release|Any CPU.Build.0 = Release|Any CPU
		{E30D77B6-6501-4BA3-8B17-0A1BD2EC68C3}.Debug|Any CPU.ActiveCfg = Debug|Any CPU
		{E30D77B6-6501-4BA3-8B17-0A1BD2EC68C3}.Debug|Any CPU.Build.0 = Debug|Any CPU
		{E30D77B6-6501-4BA3-8B17-0A1BD2EC68C3}.Release|Any CPU.ActiveCfg = Release|Any CPU
		{E30D77B6-6501-4BA3-8B17-0A1BD2EC68C3}.Release|Any CPU.Build.0 = Release|Any CPU
		{4046095E-28AF-4E49-A770-69F22197EEBF}.Debug|Any CPU.ActiveCfg = Debug|Any CPU
		{4046095E-28AF-4E49-A770-69F22197EEBF}.Debug|Any CPU.Build.0 = Debug|Any CPU
		{4046095E-28AF-4E49-A770-69F22197EEBF}.Release|Any CPU.ActiveCfg = Release|Any CPU
		{4046095E-28AF-4E49-A770-69F22197EEBF}.Release|Any CPU.Build.0 = Release|Any CPU
	EndGlobalSection
	GlobalSection(SolutionProperties) = preSolution
		HideSolutionNode = FALSE
	EndGlobalSection
	GlobalSection(NestedProjects) = preSolution
		{91B4474D-34F5-4DC9-BD64-ED09DB5A8646} = {2926C037-8989-4141-B543-EF1E651267FF}
		{4AED2991-753B-4896-BC6E-7C7308C10423} = {27D9ADBD-AEA1-4B4F-AA85-24084D2E3CAF}
		{B59B8C28-5C43-45BC-8C03-6E761CF8A66D} = {D9B9F932-5987-497B-AAD6-C0A9A7D4EE2E}
		{12885C10-B814-4E56-B112-D4E9257615D3} = {2EF02BB9-D1A3-4551-8F2A-825902366A41}
		{5721B116-981C-47EB-ABBA-9F291300908E} = {2EF02BB9-D1A3-4551-8F2A-825902366A41}
		{8F8FD699-6EFB-4D37-A413-8A80481448DA} = {2926C037-8989-4141-B543-EF1E651267FF}
		{E30D77B6-6501-4BA3-8B17-0A1BD2EC68C3} = {2926C037-8989-4141-B543-EF1E651267FF}
		{4046095E-28AF-4E49-A770-69F22197EEBF} = {2EF02BB9-D1A3-4551-8F2A-825902366A41}
	EndGlobalSection
	GlobalSection(ExtensibilityGlobals) = postSolution
		SolutionGuid = {1E157493-9D12-406C-A5B3-1BE615B27F0B}
	EndGlobalSection
EndGlobal
